
Microsoft Visual Studio Solution File, Format Version 12.00
# Visual Studio 15
VisualStudioVersion = 15.0.27130.2026
MinimumVisualStudioVersion = 10.0.40219.1
Project("{FAE04EC0-301F-11D3-BF4B-00C04F79EFBC}") = "NDP4-CokBoyutluDiziJagged", "NDP4-CokBoyutluDiziJagged\NDP4-CokBoyutluDiziJagged.csproj", "{B9867BB4-AFB5-4CE1-833F-6D80FDCE2FEF}"
EndProject
Global
	GlobalSection(SolutionConfigurationPlatforms) = preSolution
		Debug|Any CPU = Debug|Any CPU
		Release|Any CPU = Release|Any CPU
	EndGlobalSection
	GlobalSection(ProjectConfigurationPlatforms) = postSolution
		{B9867BB4-AFB5-4CE1-833F-6D80FDCE2FEF}.Debug|Any CPU.ActiveCfg = Debug|Any CPU
		{B9867BB4-AFB5-4CE1-833F-6D80FDCE2FEF}.Debug|Any CPU.Build.0 = Debug|Any CPU
		{B9867BB4-AFB5-4CE1-833F-6D80FDCE2FEF}.Release|Any CPU.ActiveCfg = Release|Any CPU
		{B9867BB4-AFB5-4CE1-833F-6D80FDCE2FEF}.Release|Any CPU.Build.0 = Release|Any CPU
	EndGlobalSection
	GlobalSection(SolutionProperties) = preSolution
		HideSolutionNode = FALSE
	EndGlobalSection
	GlobalSection(ExtensibilityGlobals) = postSolution
		SolutionGuid = {D689F6CA-CCAF-4619-BDA7-1E145C04A4BE}
	EndGlobalSection
EndGlobal
