
Microsoft Visual Studio Solution File, Format Version 12.00
# Visual Studio 15
VisualStudioVersion = 15.0.27428.2027
MinimumVisualStudioVersion = 10.0.40219.1
Project("{FAE04EC0-301F-11D3-BF4B-00C04F79EFBC}") = "B161200304", "B161200304\B161200304.csproj", "{FB976DD7-2FC8-4BE8-8B89-1C769EA3CF94}"
EndProject
Global
	GlobalSection(SolutionConfigurationPlatforms) = preSolution
		Debug|Any CPU = Debug|Any CPU
		Release|Any CPU = Release|Any CPU
	EndGlobalSection
	GlobalSection(ProjectConfigurationPlatforms) = postSolution
		{FB976DD7-2FC8-4BE8-8B89-1C769EA3CF94}.Debug|Any CPU.ActiveCfg = Debug|Any CPU
		{FB976DD7-2FC8-4BE8-8B89-1C769EA3CF94}.Debug|Any CPU.Build.0 = Debug|Any CPU
		{FB976DD7-2FC8-4BE8-8B89-1C769EA3CF94}.Release|Any CPU.ActiveCfg = Release|Any CPU
		{FB976DD7-2FC8-4BE8-8B89-1C769EA3CF94}.Release|Any CPU.Build.0 = Release|Any CPU
	EndGlobalSection
	GlobalSection(SolutionProperties) = preSolution
		HideSolutionNode = FALSE
	EndGlobalSection
	GlobalSection(ExtensibilityGlobals) = postSolution
		SolutionGuid = {F2A33960-5262-422B-A9EC-DC54387F4AD8}
	EndGlobalSection
EndGlobal
