
Microsoft Visual Studio Solution File, Format Version 12.00
# Visual Studio 15
VisualStudioVersion = 15.0.27428.2015
MinimumVisualStudioVersion = 10.0.40219.1
Project("{FAE04EC0-301F-11D3-BF4B-00C04F79EFBC}") = "NDP11-Kalitim", "NDP11-Kalitim\NDP11-Kalitim.csproj", "{2E88F1CB-D694-4978-B39D-CA5FF3DFDFDC}"
EndProject
Global
	GlobalSection(SolutionConfigurationPlatforms) = preSolution
		Debug|Any CPU = Debug|Any CPU
		Release|Any CPU = Release|Any CPU
	EndGlobalSection
	GlobalSection(ProjectConfigurationPlatforms) = postSolution
		{2E88F1CB-D694-4978-B39D-CA5FF3DFDFDC}.Debug|Any CPU.ActiveCfg = Debug|Any CPU
		{2E88F1CB-D694-4978-B39D-CA5FF3DFDFDC}.Debug|Any CPU.Build.0 = Debug|Any CPU
		{2E88F1CB-D694-4978-B39D-CA5FF3DFDFDC}.Release|Any CPU.ActiveCfg = Release|Any CPU
		{2E88F1CB-D694-4978-B39D-CA5FF3DFDFDC}.Release|Any CPU.Build.0 = Release|Any CPU
	EndGlobalSection
	GlobalSection(SolutionProperties) = preSolution
		HideSolutionNode = FALSE
	EndGlobalSection
	GlobalSection(ExtensibilityGlobals) = postSolution
		SolutionGuid = {744EF9A9-80D8-4544-A353-2C620B6320A4}
	EndGlobalSection
EndGlobal
