
Microsoft Visual Studio Solution File, Format Version 12.00
# Visual Studio 15
VisualStudioVersion = 15.0.27130.2026
MinimumVisualStudioVersion = 10.0.40219.1
Project("{FAE04EC0-301F-11D3-BF4B-00C04F79EFBC}") = "NDP9-KiloOrnek", "NDP9-KiloOrnek\NDP9-KiloOrnek.csproj", "{202591B0-627B-40F3-B374-50786561DEF2}"
EndProject
Global
	GlobalSection(SolutionConfigurationPlatforms) = preSolution
		Debug|Any CPU = Debug|Any CPU
		Release|Any CPU = Release|Any CPU
	EndGlobalSection
	GlobalSection(ProjectConfigurationPlatforms) = postSolution
		{202591B0-627B-40F3-B374-50786561DEF2}.Debug|Any CPU.ActiveCfg = Debug|Any CPU
		{202591B0-627B-40F3-B374-50786561DEF2}.Debug|Any CPU.Build.0 = Debug|Any CPU
		{202591B0-627B-40F3-B374-50786561DEF2}.Release|Any CPU.ActiveCfg = Release|Any CPU
		{202591B0-627B-40F3-B374-50786561DEF2}.Release|Any CPU.Build.0 = Release|Any CPU
	EndGlobalSection
	GlobalSection(SolutionProperties) = preSolution
		HideSolutionNode = FALSE
	EndGlobalSection
	GlobalSection(ExtensibilityGlobals) = postSolution
		SolutionGuid = {0FB6E9ED-983D-485B-AFCD-5E467F14E053}
	EndGlobalSection
EndGlobal
